{
  "name": "f-calculus",
  "version": "1.0.0",
  "lockfileVersion": 1,
  "requires": true,
  "dependencies": {
    "@pmoo/testy": {
      "version": "github:javiergelatti/testy#e83f882e1fb5cd7c30c1ba3432a069096625d062",
      "from": "github:javiergelatti/testy#develop",
      "dev": true
    },
    "arcsecond": {
      "version": "2.0.3",
      "resolved": "https://registry.npmjs.org/arcsecond/-/arcsecond-2.0.3.tgz",
      "integrity": "sha512-dSEFt41ZZ97KjmRx4gZbzzKtgiSJcSxR2CvQ6608El67dVOfPr8aoYyQ74d85gPMRmt8mOGSbROsIWhgwpc+Hg=="
    }
  }
}
