{
  "name": "f-calculus",
  "version": "1.0.0",
  "lockfileVersion": 1,
  "requires": true,
  "dependencies": {
    "@pmoo/testy": {
      "version": "4.3.0",
      "resolved": "https://registry.npmjs.org/@pmoo/testy/-/testy-4.3.0.tgz",
      "integrity": "sha512-U5nnPKivcBCt1ggSGQFIRQijoidNY/SnW8EOSMifRn+iGq7Bfd93m/pbiSNGJtT3N9oUA9MRRgIFA/qnpRmsmA==",
      "dev": true
    },
    "arcsecond": {
      "version": "2.0.3",
      "resolved": "https://registry.npmjs.org/arcsecond/-/arcsecond-2.0.3.tgz",
      "integrity": "sha512-dSEFt41ZZ97KjmRx4gZbzzKtgiSJcSxR2CvQ6608El67dVOfPr8aoYyQ74d85gPMRmt8mOGSbROsIWhgwpc+Hg=="
    }
  }
}
